
Microsoft Visual Studio Solution File, Format Version 12.00
# Visual Studio Version 17
VisualStudioVersion = 17.11.35303.130
MinimumVisualStudioVersion = 10.0.40219.1
Project("{FAE04EC0-301F-11D3-BF4B-00C04F79EFBC}") = "CustomTokenTest", "CustomToken\CustomTokenTest.csproj", "{58BE3C60-B91E-4169-9E7A-69C17EBB5A09}"
EndProject
Global
	GlobalSection(SolutionConfigurationPlatforms) = preSolution
		Debug|Any CPU = Debug|Any CPU
		Release|Any CPU = Release|Any CPU
	EndGlobalSection
	GlobalSection(ProjectConfigurationPlatforms) = postSolution
		{58BE3C60-B91E-4169-9E7A-69C17EBB5A09}.Debug|Any CPU.ActiveCfg = Debug|Any CPU
		{58BE3C60-B91E-4169-9E7A-69C17EBB5A09}.Debug|Any CPU.Build.0 = Debug|Any CPU
		{58BE3C60-B91E-4169-9E7A-69C17EBB5A09}.Release|Any CPU.ActiveCfg = Release|Any CPU
		{58BE3C60-B91E-4169-9E7A-69C17EBB5A09}.Release|Any CPU.Build.0 = Release|Any CPU
	EndGlobalSection
	GlobalSection(SolutionProperties) = preSolution
		HideSolutionNode = FALSE
	EndGlobalSection
	GlobalSection(ExtensibilityGlobals) = postSolution
		SolutionGuid = {7D66E380-43B2-471A-85FC-7E8208055955}
	EndGlobalSection
EndGlobal
